
Microsoft Visual Studio Solution File, Format Version 12.00
# Visual Studio 15
VisualStudioVersion = 15.0.26430.12
MinimumVisualStudioVersion = 10.0.40219.1
Project("{2150E333-8FDC-42A3-9474-1A3956D46DE8}") = ".nuget", ".nuget", "{D86F8028-EA6D-4827-BD16-9AB85CD6C51F}"
	ProjectSection(SolutionItems) = preProject
		.nuget\NuGet.Config = .nuget\NuGet.Config
		.nuget\NuGet.exe = .nuget\NuGet.exe
		.nuget\NuGet.targets = .nuget\NuGet.targets
	EndProjectSection
EndProject
Project("{2150E333-8FDC-42A3-9474-1A3956D46DE8}") = ".build", ".build", "{5BB1B9F7-D902-43CC-AF1B-D42D57044664}"
	ProjectSection(SolutionItems) = preProject
		appveyor.yml = appveyor.yml
		Build.ps1 = Build.ps1
		LICENSE.md = LICENSE.md
		Pack.ps1 = Pack.ps1
		README.md = README.md
		Test.ps1 = Test.ps1
	EndProjectSection
EndProject
Project("{9A19103F-16F7-4668-BE54-9A1E7A4F7556}") = "CertiPay.Taxes.Federal.Tests", "CertiPay.Taxes.Federal.Tests\CertiPay.Taxes.Federal.Tests.csproj", "{99313E4D-0C21-4751-B372-A9622D66D392}"
EndProject
Project("{9A19103F-16F7-4668-BE54-9A1E7A4F7556}") = "CertiPay.Taxes.Federal", "CertiPay.Taxes.Federal\CertiPay.Taxes.Federal.csproj", "{80BAA84D-8245-4078-8B36-E5DC1EDC5B5F}"
EndProject
Project("{FAE04EC0-301F-11D3-BF4B-00C04F79EFBC}") = "CertiPay.Taxes.Federal.UnitTests", "CertiPay.Taxes.Federal.UnitTests\CertiPay.Taxes.Federal.UnitTests.csproj", "{33CE05C9-FB84-4E8F-8D73-FBE91ACDB793}"
EndProject
Global
	GlobalSection(SolutionConfigurationPlatforms) = preSolution
		Debug|Any CPU = Debug|Any CPU
		Release|Any CPU = Release|Any CPU
	EndGlobalSection
	GlobalSection(ProjectConfigurationPlatforms) = postSolution
		{99313E4D-0C21-4751-B372-A9622D66D392}.Debug|Any CPU.ActiveCfg = Debug|Any CPU
		{99313E4D-0C21-4751-B372-A9622D66D392}.Debug|Any CPU.Build.0 = Debug|Any CPU
		{99313E4D-0C21-4751-B372-A9622D66D392}.Release|Any CPU.ActiveCfg = Release|Any CPU
		{99313E4D-0C21-4751-B372-A9622D66D392}.Release|Any CPU.Build.0 = Release|Any CPU
		{80BAA84D-8245-4078-8B36-E5DC1EDC5B5F}.Debug|Any CPU.ActiveCfg = Debug|Any CPU
		{80BAA84D-8245-4078-8B36-E5DC1EDC5B5F}.Debug|Any CPU.Build.0 = Debug|Any CPU
		{80BAA84D-8245-4078-8B36-E5DC1EDC5B5F}.Release|Any CPU.ActiveCfg = Release|Any CPU
		{80BAA84D-8245-4078-8B36-E5DC1EDC5B5F}.Release|Any CPU.Build.0 = Release|Any CPU
		{33CE05C9-FB84-4E8F-8D73-FBE91ACDB793}.Debug|Any CPU.ActiveCfg = Debug|Any CPU
		{33CE05C9-FB84-4E8F-8D73-FBE91ACDB793}.Debug|Any CPU.Build.0 = Debug|Any CPU
		{33CE05C9-FB84-4E8F-8D73-FBE91ACDB793}.Release|Any CPU.ActiveCfg = Release|Any CPU
		{33CE05C9-FB84-4E8F-8D73-FBE91ACDB793}.Release|Any CPU.Build.0 = Release|Any CPU
	EndGlobalSection
	GlobalSection(SolutionProperties) = preSolution
		HideSolutionNode = FALSE
	EndGlobalSection
EndGlobal
